Microsoft Visual Studio Solution File, Format Version 12.00
# Visual Studio Version 17
VisualStudioVersion = 17.0.31912.275
MinimumVisualStudioVersion = 10.0.40219.1
Project("{FAE04EC0-301F-11D3-BF4B-00C04F79EFBC}") = "Inventory.Application", "Inventory.Application\Inventory.Application.csproj", "{C38DFA22-9A94-7011-E429-D8D56705369E}"
EndProject
Project("{FAE04EC0-301F-11D3-BF4B-00C04F79EFBC}") = "Inventory.Win", "Inventory.Win\Inventory.Win.csproj", "{24389F48-2F21-4535-B2CA-E29BA21F4110}"
EndProject
Global
	GlobalSection(SolutionConfigurationPlatforms) = preSolution
		Debug|Any CPU = Debug|Any CPU
		Release|Any CPU = Release|Any CPU
	EndGlobalSection
	GlobalSection(ProjectConfigurationPlatforms) = postSolution
		{C38DFA22-9A94-7011-E429-D8D56705369E}.Debug|Any CPU.ActiveCfg = Debug|Any CPU
		{C38DFA22-9A94-7011-E429-D8D56705369E}.Debug|Any CPU.Build.0 = Debug|Any CPU
		{C38DFA22-9A94-7011-E429-D8D56705369E}.Release|Any CPU.ActiveCfg = Release|Any CPU
		{C38DFA22-9A94-7011-E429-D8D56705369E}.Release|Any CPU.Build.0 = Release|Any CPU
		{24389F48-2F21-4535-B2CA-E29BA21F4110}.Debug|Any CPU.ActiveCfg = Debug|Any CPU
		{24389F48-2F21-4535-B2CA-E29BA21F4110}.Debug|Any CPU.Build.0 = Debug|Any CPU
		{24389F48-2F21-4535-B2CA-E29BA21F4110}.Release|Any CPU.ActiveCfg = Release|Any CPU
		{24389F48-2F21-4535-B2CA-E29BA21F4110}.Release|Any CPU.Build.0 = Release|Any CPU
	EndGlobalSection
	GlobalSection(SolutionProperties) = preSolution
		HideSolutionNode = FALSE
	EndGlobalSection
EndGlobal
